// !$*UTF8*$!
{
	archiveVersion = 1;
	classes = {
	};
	objectVersion = 46;
	objects = {

/* Begin PBXBuildFile section */
		414BA5511DEEB53900DF3DD9 /* SignUpViewController.m in Sources */ = {isa = PBXBuildFile; fileRef = 414BA5501DEEB53900DF3DD9 /* SignUpViewController.m */; };
		414BA5541DEEF4A300DF3DD9 /* SignInViewController.m in Sources */ = {isa = PBXBuildFile; fileRef = 414BA5531DEEF4A300DF3DD9 /* SignInViewController.m */; };
		4155A0EC1DF02C6400966A59 /* ConfirmSignUpViewController.m in Sources */ = {isa = PBXBuildFile; fileRef = 4155A0EB1DF02C6400966A59 /* ConfirmSignUpViewController.m */; };
		4170CB991DDC3D6000CCE0A4 /* main.m in Sources */ = {isa = PBXBuildFile; fileRef = 4170CB981DDC3D6000CCE0A4 /* main.m */; };
		4170CB9C1DDC3D6000CCE0A4 /* AppDelegate.m in Sources */ = {isa = PBXBuildFile; fileRef = 4170CB9B1DDC3D6000CCE0A4 /* AppDelegate.m */; };
		4170CB9F1DDC3D6000CCE0A4 /* ViewController.m in Sources */ = {isa = PBXBuildFile; fileRef = 4170CB9E1DDC3D6000CCE0A4 /* ViewController.m */; };
		4170CBA21DDC3D6000CCE0A4 /* Main.storyboard in Resources */ = {isa = PBXBuildFile; fileRef = 4170CBA01DDC3D6000CCE0A4 /* Main.storyboard */; };
		4170CBA51DDC3D6000CCE0A4 /* ShashkayFilms.xcdatamodeld in Sources */ = {isa = PBXBuildFile; fileRef = 4170CBA31DDC3D6000CCE0A4 /* ShashkayFilms.xcdatamodeld */; };
		4170CBA71DDC3D6000CCE0A4 /* Assets.xcassets in Resources */ = {isa = PBXBuildFile; fileRef = 4170CBA61DDC3D6000CCE0A4 /* Assets.xcassets */; };
		4170CBAA1DDC3D6000CCE0A4 /* LaunchScreen.storyboard in Resources */ = {isa = PBXBuildFile; fileRef = 4170CBA81DDC3D6000CCE0A4 /* LaunchScreen.storyboard */; };
		4170CBB51DDC3D6000CCE0A4 /* ShashkayFilmsTests.m in Sources */ = {isa = PBXBuildFile; fileRef = 4170CBB41DDC3D6000CCE0A4 /* ShashkayFilmsTests.m */; };
		4170CBC01DDC3D6000CCE0A4 /* ShashkayFilmsUITests.m in Sources */ = {isa = PBXBuildFile; fileRef = 4170CBBF1DDC3D6000CCE0A4 /* ShashkayFilmsUITests.m */; };
		4170CBCE1DDC425800CCE0A4 /* PodFile in Resources */ = {isa = PBXBuildFile; fileRef = 4170CBCD1DDC425800CCE0A4 /* PodFile */; };
		4170CBE31DDC616B00CCE0A4 /* AWSAPIGateway.framework in Frameworks */ = {isa = PBXBuildFile; fileRef = 4170CBD01DDC616B00CCE0A4 /* AWSAPIGateway.framework */; };
		4170CBE41DDC616B00CCE0A4 /* AWSAPIGateway.framework in Embed Frameworks */ = {isa = PBXBuildFile; fileRef = 4170CBD01DDC616B00CCE0A4 /* AWSAPIGateway.framework */; settings = {ATTRIBUTES = (CodeSignOnCopy, RemoveHeadersOnCopy, ); }; };
		4170CBE51DDC616B00CCE0A4 /* AWSAutoScaling.framework in Frameworks */ = {isa = PBXBuildFile; fileRef = 4170CBD11DDC616B00CCE0A4 /* AWSAutoScaling.framework */; };
		4170CBE61DDC616B00CCE0A4 /* AWSAutoScaling.framework in Embed Frameworks */ = {isa = PBXBuildFile; fileRef = 4170CBD11DDC616B00CCE0A4 /* AWSAutoScaling.framework */; settings = {ATTRIBUTES = (CodeSignOnCopy, RemoveHeadersOnCopy, ); }; };
		4170CBE71DDC616B00CCE0A4 /* AWSCloudWatch.framework in Frameworks */ = {isa = PBXBuildFile; fileRef = 4170CBD21DDC616B00CCE0A4 /* AWSCloudWatch.framework */; };
		4170CBE81DDC616B00CCE0A4 /* AWSCloudWatch.framework in Embed Frameworks */ = {isa = PBXBuildFile; fileRef = 4170CBD21DDC616B00CCE0A4 /* AWSCloudWatch.framework */; settings = {ATTRIBUTES = (CodeSignOnCopy, RemoveHeadersOnCopy, ); }; };
		4170CBE91DDC616B00CCE0A4 /* AWSCognito.framework in Frameworks */ = {isa = PBXBuildFile; fileRef = 4170CBD31DDC616B00CCE0A4 /* AWSCognito.framework */; };
		4170CBEA1DDC616B00CCE0A4 /* AWSCognito.framework in Embed Frameworks */ = {isa = PBXBuildFile; fileRef = 4170CBD31DDC616B00CCE0A4 /* AWSCognito.framework */; settings = {ATTRIBUTES = (CodeSignOnCopy, RemoveHeadersOnCopy, ); }; };
		4170CBEB1DDC616B00CCE0A4 /* AWSCognitoIdentityProvider.framework in Frameworks */ = {isa = PBXBuildFile; fileRef = 4170CBD41DDC616B00CCE0A4 /* AWSCognitoIdentityProvider.framework */; };
		4170CBEC1DDC616B00CCE0A4 /* AWSCognitoIdentityProvider.framework in Embed Frameworks */ = {isa = PBXBuildFile; fileRef = 4170CBD41DDC616B00CCE0A4 /* AWSCognitoIdentityProvider.framework */; settings = {ATTRIBUTES = (CodeSignOnCopy, RemoveHeadersOnCopy, ); }; };
		4170CBED1DDC616B00CCE0A4 /* AWSCore.framework in Frameworks */ = {isa = PBXBuildFile; fileRef = 4170CBD51DDC616B00CCE0A4 /* AWSCore.framework */; };
		4170CBEE1DDC616B00CCE0A4 /* AWSCore.framework in Embed Frameworks */ = {isa = PBXBuildFile; fileRef = 4170CBD51DDC616B00CCE0A4 /* AWSCore.framework */; settings = {ATTRIBUTES = (CodeSignOnCopy, RemoveHeadersOnCopy, ); }; };
		4170CBEF1DDC616B00CCE0A4 /* AWSDynamoDB.framework in Frameworks */ = {isa = PBXBuildFile; fileRef = 4170CBD61DDC616B00CCE0A4 /* AWSDynamoDB.framework */; };
		4170CBF01DDC616B00CCE0A4 /* AWSDynamoDB.framework in Embed Frameworks */ = {isa = PBXBuildFile; fileRef = 4170CBD61DDC616B00CCE0A4 /* AWSDynamoDB.framework */; settings = {ATTRIBUTES = (CodeSignOnCopy, RemoveHeadersOnCopy, ); }; };
		4170CBF11DDC616C00CCE0A4 /* AWSEC2.framework in Frameworks */ = {isa = PBXBuildFile; fileRef = 4170CBD71DDC616B00CCE0A4 /* AWSEC2.framework */; };
		4170CBF21DDC616C00CCE0A4 /* AWSEC2.framework in Embed Frameworks */ = {isa = PBXBuildFile; fileRef = 4170CBD71DDC616B00CCE0A4 /* AWSEC2.framework */; settings = {ATTRIBUTES = (CodeSignOnCopy, RemoveHeadersOnCopy, ); }; };
		4170CBF31DDC616C00CCE0A4 /* AWSElasticLoadBalancing.framework in Frameworks */ = {isa = PBXBuildFile; fileRef = 4170CBD81DDC616B00CCE0A4 /* AWSElasticLoadBalancing.framework */; };
		4170CBF41DDC616C00CCE0A4 /* AWSElasticLoadBalancing.framework in Embed Frameworks */ = {isa = PBXBuildFile; fileRef = 4170CBD81DDC616B00CCE0A4 /* AWSElasticLoadBalancing.framework */; settings = {ATTRIBUTES = (CodeSignOnCopy, RemoveHeadersOnCopy, ); }; };
		4170CBF51DDC616C00CCE0A4 /* AWSIoT.framework in Frameworks */ = {isa = PBXBuildFile; fileRef = 4170CBD91DDC616B00CCE0A4 /* AWSIoT.framework */; };
		4170CBF61DDC616C00CCE0A4 /* AWSIoT.framework in Embed Frameworks */ = {isa = PBXBuildFile; fileRef = 4170CBD91DDC616B00CCE0A4 /* AWSIoT.framework */; settings = {ATTRIBUTES = (CodeSignOnCopy, RemoveHeadersOnCopy, ); }; };
		4170CBF71DDC616C00CCE0A4 /* AWSKinesis.framework in Frameworks */ = {isa = PBXBuildFile; fileRef = 4170CBDA1DDC616B00CCE0A4 /* AWSKinesis.framework */; };
		4170CBF81DDC616C00CCE0A4 /* AWSKinesis.framework in Embed Frameworks */ = {isa = PBXBuildFile; fileRef = 4170CBDA1DDC616B00CCE0A4 /* AWSKinesis.framework */; settings = {ATTRIBUTES = (CodeSignOnCopy, RemoveHeadersOnCopy, ); }; };
		4170CBF91DDC616C00CCE0A4 /* AWSLambda.framework in Frameworks */ = {isa = PBXBuildFile; fileRef = 4170CBDB1DDC616B00CCE0A4 /* AWSLambda.framework */; };
		4170CBFA1DDC616C00CCE0A4 /* AWSLambda.framework in Embed Frameworks */ = {isa = PBXBuildFile; fileRef = 4170CBDB1DDC616B00CCE0A4 /* AWSLambda.framework */; settings = {ATTRIBUTES = (CodeSignOnCopy, RemoveHeadersOnCopy, ); }; };
		4170CBFB1DDC616C00CCE0A4 /* AWSMachineLearning.framework in Frameworks */ = {isa = PBXBuildFile; fileRef = 4170CBDC1DDC616B00CCE0A4 /* AWSMachineLearning.framework */; };
		4170CBFC1DDC616C00CCE0A4 /* AWSMachineLearning.framework in Embed Frameworks */ = {isa = PBXBuildFile; fileRef = 4170CBDC1DDC616B00CCE0A4 /* AWSMachineLearning.framework */; settings = {ATTRIBUTES = (CodeSignOnCopy, RemoveHeadersOnCopy, ); }; };
		4170CBFD1DDC616C00CCE0A4 /* AWSMobileAnalytics.framework in Frameworks */ = {isa = PBXBuildFile; fileRef = 4170CBDD1DDC616B00CCE0A4 /* AWSMobileAnalytics.framework */; };
		4170CBFE1DDC616C00CCE0A4 /* AWSMobileAnalytics.framework in Embed Frameworks */ = {isa = PBXBuildFile; fileRef = 4170CBDD1DDC616B00CCE0A4 /* AWSMobileAnalytics.framework */; settings = {ATTRIBUTES = (CodeSignOnCopy, RemoveHeadersOnCopy, ); }; };
		4170CBFF1DDC616C00CCE0A4 /* AWSS3.framework in Frameworks */ = {isa = PBXBuildFile; fileRef = 4170CBDE1DDC616B00CCE0A4 /* AWSS3.framework */; };
		4170CC001DDC616C00CCE0A4 /* AWSS3.framework in Embed Frameworks */ = {isa = PBXBuildFile; fileRef = 4170CBDE1DDC616B00CCE0A4 /* AWSS3.framework */; settings = {ATTRIBUTES = (CodeSignOnCopy, RemoveHeadersOnCopy, ); }; };
		4170CC011DDC616C00CCE0A4 /* AWSSES.framework in Frameworks */ = {isa = PBXBuildFile; fileRef = 4170CBDF1DDC616B00CCE0A4 /* AWSSES.framework */; };
		4170CC021DDC616C00CCE0A4 /* AWSSES.framework in Embed Frameworks */ = {isa = PBXBuildFile; fileRef = 4170CBDF1DDC616B00CCE0A4 /* AWSSES.framework */; settings = {ATTRIBUTES = (CodeSignOnCopy, RemoveHeadersOnCopy, ); }; };
		4170CC031DDC616C00CCE0A4 /* AWSSimpleDB.framework in Frameworks */ = {isa = PBXBuildFile; fileRef = 4170CBE01DDC616B00CCE0A4 /* AWSSimpleDB.framework */; };
		4170CC041DDC616C00CCE0A4 /* AWSSimpleDB.framework in Embed Frameworks */ = {isa = PBXBuildFile; fileRef = 4170CBE01DDC616B00CCE0A4 /* AWSSimpleDB.framework */; settings = {ATTRIBUTES = (CodeSignOnCopy, RemoveHeadersOnCopy, ); }; };
		4170CC051DDC616C00CCE0A4 /* AWSSNS.framework in Frameworks */ = {isa = PBXBuildFile; fileRef = 4170CBE11DDC616B00CCE0A4 /* AWSSNS.framework */; };
		4170CC061DDC616C00CCE0A4 /* AWSSNS.framework in Embed Frameworks */ = {isa = PBXBuildFile; fileRef = 4170CBE11DDC616B00CCE0A4 /* AWSSNS.framework */; settings = {ATTRIBUTES = (CodeSignOnCopy, RemoveHeadersOnCopy, ); }; };
		4170CC071DDC616C00CCE0A4 /* AWSSQS.framework in Frameworks */ = {isa = PBXBuildFile; fileRef = 4170CBE21DDC616B00CCE0A4 /* AWSSQS.framework */; };
		4170CC081DDC616C00CCE0A4 /* AWSSQS.framework in Embed Frameworks */ = {isa = PBXBuildFile; fileRef = 4170CBE21DDC616B00CCE0A4 /* AWSSQS.framework */; settings = {ATTRIBUTES = (CodeSignOnCopy, RemoveHeadersOnCopy, ); }; };
		41B9BE581E16467500CFA2BD /* User Name.png in Resources */ = {isa = PBXBuildFile; fileRef = 41B9BE571E16467500CFA2BD /* User Name.png */; };
		41B9BE5B1E1646DA00CFA2BD /* Email address.png in Resources */ = {isa = PBXBuildFile; fileRef = 41B9BE591E1646DA00CFA2BD /* Email address.png */; };
		41B9BE5C1E1646DA00CFA2BD /* Pasword.png in Resources */ = {isa = PBXBuildFile; fileRef = 41B9BE5A1E1646DA00CFA2BD /* Pasword.png */; };
		41B9BE5F1E16473300CFA2BD /* Term and Conditions 2.png in Resources */ = {isa = PBXBuildFile; fileRef = 41B9BE5D1E16473300CFA2BD /* Term and Conditions 2.png */; };
		41B9BE601E16473300CFA2BD /* Term and Conditions.png in Resources */ = {isa = PBXBuildFile; fileRef = 41B9BE5E1E16473300CFA2BD /* Term and Conditions.png */; };
		41D7D56B1E08048600A15F90 /*   Sign Up.png in Resources */ = {isa = PBXBuildFile; fileRef = 41D7D5651E08048600A15F90 /*   Sign Up.png */; };
		41D7D56C1E08048600A15F90 /*   Sign Up@2x.png in Resources */ = {isa = PBXBuildFile; fileRef = 41D7D5661E08048600A15F90 /*   Sign Up@2x.png */; };
		41D7D56D1E08048600A15F90 /*   Sign Up@3x.png in Resources */ = {isa = PBXBuildFile; fileRef = 41D7D5671E08048600A15F90 /*   Sign Up@3x.png */; };
		41D7D56E1E08048600A15F90 /*  Sign In.png in Resources */ = {isa = PBXBuildFile; fileRef = 41D7D5681E08048600A15F90 /*  Sign In.png */; };
		41D7D56F1E08048600A15F90 /*  Sign In@2x.png in Resources */ = {isa = PBXBuildFile; fileRef = 41D7D5691E08048600A15F90 /*  Sign In@2x.png */; };
		41D7D5701E08048600A15F90 /*  Sign In@3x.png in Resources */ = {isa = PBXBuildFile; fileRef = 41D7D56A1E08048600A15F90 /*  Sign In@3x.png */; };
		41D7D5771E080C6600A15F90 /* Log In Button@2x.png in Resources */ = {isa = PBXBuildFile; fileRef = 41D7D5751E080C6600A15F90 /* Log In Button@2x.png */; };
		41D7D5781E080C6600A15F90 /* Log In Button@3x.png in Resources */ = {isa = PBXBuildFile; fileRef = 41D7D5761E080C6600A15F90 /* Log In Button@3x.png */; };
		41D7D57C1E08119700A15F90 /* register.png in Resources */ = {isa = PBXBuildFile; fileRef = 41D7D57B1E08119700A15F90 /* register.png */; };
		41D7D5811E082CDD00A15F90 /* PlayerViewController.m in Sources */ = {isa = PBXBuildFile; fileRef = 41D7D5801E082CDD00A15F90 /* PlayerViewController.m */; };
		41DA46E51DF824A00023526A /* MFAViewController.m in Sources */ = {isa = PBXBuildFile; fileRef = 41DA46E31DF824A00023526A /* MFAViewController.m */; };
		41DA46E61DF824A00023526A /* MFAViewController.xib in Resources */ = {isa = PBXBuildFile; fileRef = 41DA46E41DF824A00023526A /* MFAViewController.xib */; };
		74C9EC298D669D8B142329CE /* Pods_ShashkayFilms.framework in Frameworks */ = {isa = PBXBuildFile; fileRef = 061A22C1F17D43FE234A88D3 /* Pods_ShashkayFilms.framework */; };
/* End PBXBuildFile section */

/* Begin PBXContainerItemProxy section */
		4170CBB11DDC3D6000CCE0A4 /* PBXContainerItemProxy */ = {
			isa = PBXContainerItemProxy;
			containerPortal = 4170CB8C1DDC3D6000CCE0A4 /* Project object */;
			proxyType = 1;
			remoteGlobalIDString = 4170CB931DDC3D6000CCE0A4;
			remoteInfo = ShashkayFilms;
		};
		4170CBBC1DDC3D6000CCE0A4 /* PBXContainerItemProxy */ = {
			isa = PBXContainerItemProxy;
			containerPortal = 4170CB8C1DDC3D6000CCE0A4 /* Project object */;
			proxyType = 1;
			remoteGlobalIDString = 4170CB931DDC3D6000CCE0A4;
			remoteInfo = ShashkayFilms;
		};
/* End PBXContainerItemProxy section */

/* Begin PBXCopyFilesBuildPhase section */
		4170CC091DDC616C00CCE0A4 /* Embed Frameworks */ = {
			isa = PBXCopyFilesBuildPhase;
			buildActionMask = 2147483647;
			dstPath = "";
			dstSubfolderSpec = 10;
			files = (
				4170CC081DDC616C00CCE0A4 /* AWSSQS.framework in Embed Frameworks */,
				4170CBE81DDC616B00CCE0A4 /* AWSCloudWatch.framework in Embed Frameworks */,
				4170CC061DDC616C00CCE0A4 /* AWSSNS.framework in Embed Frameworks */,
				4170CBF21DDC616C00CCE0A4 /* AWSEC2.framework in Embed Frameworks */,
				4170CC021DDC616C00CCE0A4 /* AWSSES.framework in Embed Frameworks */,
				4170CBE41DDC616B00CCE0A4 /* AWSAPIGateway.framework in Embed Frameworks */,
				4170CBFA1DDC616C00CCE0A4 /* AWSLambda.framework in Embed Frameworks */,
				4170CBF61DDC616C00CCE0A4 /* AWSIoT.framework in Embed Frameworks */,
				4170CBEA1DDC616B00CCE0A4 /* AWSCognito.framework in Embed Frameworks */,
				4170CBF41DDC616C00CCE0A4 /* AWSElasticLoadBalancing.framework in Embed Frameworks */,
				4170CBFE1DDC616C00CCE0A4 /* AWSMobileAnalytics.framework in Embed Frameworks */,
				4170CBFC1DDC616C00CCE0A4 /* AWSMachineLearning.framework in Embed Frameworks */,
				4170CBF81DDC616C00CCE0A4 /* AWSKinesis.framework in Embed Frameworks */,
				4170CBEC1DDC616B00CCE0A4 /* AWSCognitoIdentityProvider.framework in Embed Frameworks */,
				4170CC041DDC616C00CCE0A4 /* AWSSimpleDB.framework in Embed Frameworks */,
				4170CBE61DDC616B00CCE0A4 /* AWSAutoScaling.framework in Embed Frameworks */,
				4170CBF01DDC616B00CCE0A4 /* AWSDynamoDB.framework in Embed Frameworks */,
				4170CBEE1DDC616B00CCE0A4 /* AWSCore.framework in Embed Frameworks */,
				4170CC001DDC616C00CCE0A4 /* AWSS3.framework in Embed Frameworks */,
			);
			name = "Embed Frameworks";
			runOnlyForDeploymentPostprocessing = 0;
		};
/* End PBXCopyFilesBuildPhase section */

/* Begin PBXFileReference section */
		044EA2E139FAD984B457559A /* Pods-ShashkayFilms.debug.xcconfig */ = {isa = PBXFileReference; includeInIndex = 1; lastKnownFileType = text.xcconfig; name = "Pods-ShashkayFilms.debug.xcconfig"; path = "Pods/Target Support Files/Pods-ShashkayFilms/Pods-ShashkayFilms.debug.xcconfig"; sourceTree = "<group>"; };
		061A22C1F17D43FE234A88D3 /* Pods_ShashkayFilms.framework */ = {isa = PBXFileReference; explicitFileType = wrapper.framework; includeInIndex = 0; path = Pods_ShashkayFilms.framework; sourceTree = BUILT_PRODUCTS_DIR; };
		414BA54F1DEEB53900DF3DD9 /* SignUpViewController.h */ = {isa = PBXFileReference; fileEncoding = 4; lastKnownFileType = sourcecode.c.h; path = SignUpViewController.h; sourceTree = "<group>"; };
		414BA5501DEEB53900DF3DD9 /* SignUpViewController.m */ = {isa = PBXFileReference; fileEncoding = 4; lastKnownFileType = sourcecode.c.objc; path = SignUpViewController.m; sourceTree = "<group>"; };
		414BA5521DEEF4A300DF3DD9 /* SignInViewController.h */ = {isa = PBXFileReference; fileEncoding = 4; lastKnownFileType = sourcecode.c.h; path = SignInViewController.h; sourceTree = "<group>"; };
		414BA5531DEEF4A300DF3DD9 /* SignInViewController.m */ = {isa = PBXFileReference; fileEncoding = 4; lastKnownFileType = sourcecode.c.objc; path = SignInViewController.m; sourceTree = "<group>"; };
		4155A0EA1DF02C6300966A59 /* ConfirmSignUpViewController.h */ = {isa = PBXFileReference; fileEncoding = 4; lastKnownFileType = sourcecode.c.h; path = ConfirmSignUpViewController.h; sourceTree = "<group>"; };
		4155A0EB1DF02C6400966A59 /* ConfirmSignUpViewController.m */ = {isa = PBXFileReference; fileEncoding = 4; lastKnownFileType = sourcecode.c.objc; path = ConfirmSignUpViewController.m; sourceTree = "<group>"; };
		4170CB941DDC3D6000CCE0A4 /* ShashkayFilms.app */ = {isa = PBXFileReference; explicitFileType = wrapper.application; includeInIndex = 0; path = ShashkayFilms.app; sourceTree = BUILT_PRODUCTS_DIR; };
		4170CB981DDC3D6000CCE0A4 /* main.m */ = {isa = PBXFileReference; lastKnownFileType = sourcecode.c.objc; path = main.m; sourceTree = "<group>"; };
		4170CB9A1DDC3D6000CCE0A4 /* AppDelegate.h */ = {isa = PBXFileReference; lastKnownFileType = sourcecode.c.h; path = AppDelegate.h; sourceTree = "<group>"; };
		4170CB9B1DDC3D6000CCE0A4 /* AppDelegate.m */ = {isa = PBXFileReference; lastKnownFileType = sourcecode.c.objc; path = AppDelegate.m; sourceTree = "<group>"; };
		4170CB9D1DDC3D6000CCE0A4 /* ViewController.h */ = {isa = PBXFileReference; lastKnownFileType = sourcecode.c.h; path = ViewController.h; sourceTree = "<group>"; };
		4170CB9E1DDC3D6000CCE0A4 /* ViewController.m */ = {isa = PBXFileReference; lastKnownFileType = sourcecode.c.objc; path = ViewController.m; sourceTree = "<group>"; };
		4170CBA11DDC3D6000CCE0A4 /* Base */ = {isa = PBXFileReference; lastKnownFileType = file.storyboard; name = Base; path = Base.lproj/Main.storyboard; sourceTree = "<group>"; };
		4170CBA41DDC3D6000CCE0A4 /* ShashkayFilms.xcdatamodel */ = {isa = PBXFileReference; lastKnownFileType = wrapper.xcdatamodel; path = ShashkayFilms.xcdatamodel; sourceTree = "<group>"; };
		4170CBA61DDC3D6000CCE0A4 /* Assets.xcassets */ = {isa = PBXFileReference; lastKnownFileType = folder.assetcatalog; path = Assets.xcassets; sourceTree = "<group>"; };
		4170CBA91DDC3D6000CCE0A4 /* Base */ = {isa = PBXFileReference; lastKnownFileType = file.storyboard; name = Base; path = Base.lproj/LaunchScreen.storyboard; sourceTree = "<group>"; };
		4170CBAB1DDC3D6000CCE0A4 /* Info.plist */ = {isa = PBXFileReference; lastKnownFileType = text.plist.xml; path = Info.plist; sourceTree = "<group>"; };
		4170CBB01DDC3D6000CCE0A4 /* ShashkayFilmsTests.xctest */ = {isa = PBXFileReference; explicitFileType = wrapper.cfbundle; includeInIndex = 0; path = ShashkayFilmsTests.xctest; sourceTree = BUILT_PRODUCTS_DIR; };
		4170CBB41DDC3D6000CCE0A4 /* ShashkayFilmsTests.m */ = {isa = PBXFileReference; lastKnownFileType = sourcecode.c.objc; path = ShashkayFilmsTests.m; sourceTree = "<group>"; };
		4170CBB61DDC3D6000CCE0A4 /* Info.plist */ = {isa = PBXFileReference; lastKnownFileType = text.plist.xml; path = Info.plist; sourceTree = "<group>"; };
		4170CBBB1DDC3D6000CCE0A4 /* ShashkayFilmsUITests.xctest */ = {isa = PBXFileReference; explicitFileType = wrapper.cfbundle; includeInIndex = 0; path = ShashkayFilmsUITests.xctest; sourceTree = BUILT_PRODUCTS_DIR; };
		4170CBBF1DDC3D6000CCE0A4 /* ShashkayFilmsUITests.m */ = {isa = PBXFileReference; lastKnownFileType = sourcecode.c.objc; path = ShashkayFilmsUITests.m; sourceTree = "<group>"; };
		4170CBC11DDC3D6000CCE0A4 /* Info.plist */ = {isa = PBXFileReference; lastKnownFileType = text.plist.xml; path = Info.plist; sourceTree = "<group>"; };
		4170CBCD1DDC425800CCE0A4 /* PodFile */ = {isa = PBXFileReference; fileEncoding = 4; lastKnownFileType = text; name = PodFile; path = ../PodFile; sourceTree = "<group>"; };
		4170CBD01DDC616B00CCE0A4 /* AWSAPIGateway.framework */ = {isa = PBXFileReference; lastKnownFileType = wrapper.framework; path = AWSAPIGateway.framework; sourceTree = "<group>"; };
		4170CBD11DDC616B00CCE0A4 /* AWSAutoScaling.framework */ = {isa = PBXFileReference; lastKnownFileType = wrapper.framework; path = AWSAutoScaling.framework; sourceTree = "<group>"; };
		4170CBD21DDC616B00CCE0A4 /* AWSCloudWatch.framework */ = {isa = PBXFileReference; lastKnownFileType = wrapper.framework; path = AWSCloudWatch.framework; sourceTree = "<group>"; };
		4170CBD31DDC616B00CCE0A4 /* AWSCognito.framework */ = {isa = PBXFileReference; lastKnownFileType = wrapper.framework; path = AWSCognito.framework; sourceTree = "<group>"; };
		4170CBD41DDC616B00CCE0A4 /* AWSCognitoIdentityProvider.framework */ = {isa = PBXFileReference; lastKnownFileType = wrapper.framework; path = AWSCognitoIdentityProvider.framework; sourceTree = "<group>"; };
		4170CBD51DDC616B00CCE0A4 /* AWSCore.framework */ = {isa = PBXFileReference; lastKnownFileType = wrapper.framework; path = AWSCore.framework; sourceTree = "<group>"; };
		4170CBD61DDC616B00CCE0A4 /* AWSDynamoDB.framework */ = {isa = PBXFileReference; lastKnownFileType = wrapper.framework; path = AWSDynamoDB.framework; sourceTree = "<group>"; };
		4170CBD71DDC616B00CCE0A4 /* AWSEC2.framework */ = {isa = PBXFileReference; lastKnownFileType = wrapper.framework; path = AWSEC2.framework; sourceTree = "<group>"; };
		4170CBD81DDC616B00CCE0A4 /* AWSElasticLoadBalancing.framework */ = {isa = PBXFileReference; lastKnownFileType = wrapper.framework; path = AWSElasticLoadBalancing.framework; sourceTree = "<group>"; };
		4170CBD91DDC616B00CCE0A4 /* AWSIoT.framework */ = {isa = PBXFileReference; lastKnownFileType = wrapper.framework; path = AWSIoT.framework; sourceTree = "<group>"; };
		4170CBDA1DDC616B00CCE0A4 /* AWSKinesis.framework */ = {isa = PBXFileReference; lastKnownFileType = wrapper.framework; path = AWSKinesis.framework; sourceTree = "<group>"; };
		4170CBDB1DDC616B00CCE0A4 /* AWSLambda.framework */ = {isa = PBXFileReference; lastKnownFileType = wrapper.framework; path = AWSLambda.framework; sourceTree = "<group>"; };
		4170CBDC1DDC616B00CCE0A4 /* AWSMachineLearning.framework */ = {isa = PBXFileReference; lastKnownFileType = wrapper.framework; path = AWSMachineLearning.framework; sourceTree = "<group>"; };
		4170CBDD1DDC616B00CCE0A4 /* AWSMobileAnalytics.framework */ = {isa = PBXFileReference; lastKnownFileType = wrapper.framework; path = AWSMobileAnalytics.framework; sourceTree = "<group>"; };
		4170CBDE1DDC616B00CCE0A4 /* AWSS3.framework */ = {isa = PBXFileReference; lastKnownFileType = wrapper.framework; path = AWSS3.framework; sourceTree = "<group>"; };
		4170CBDF1DDC616B00CCE0A4 /* AWSSES.framework */ = {isa = PBXFileReference; lastKnownFileType = wrapper.framework; path = AWSSES.framework; sourceTree = "<group>"; };
		4170CBE01DDC616B00CCE0A4 /* AWSSimpleDB.framework */ = {isa = PBXFileReference; lastKnownFileType = wrapper.framework; path = AWSSimpleDB.framework; sourceTree = "<group>"; };
		4170CBE11DDC616B00CCE0A4 /* AWSSNS.framework */ = {isa = PBXFileReference; lastKnownFileType = wrapper.framework; path = AWSSNS.framework; sourceTree = "<group>"; };
		4170CBE21DDC616B00CCE0A4 /* AWSSQS.framework */ = {isa = PBXFileReference; lastKnownFileType = wrapper.framework; path = AWSSQS.framework; sourceTree = "<group>"; };
		4176D8271E0A71A400C7F938 /* JWPlayer-iOS-SDK.framework */ = {isa = PBXFileReference; lastKnownFileType = wrapper.framework; name = "JWPlayer-iOS-SDK.framework"; path = "../../../Desktop/jwplayer-ios-sdk-2.6.0+9/Framework/JWPlayer-iOS-SDK.framework"; sourceTree = "<group>"; };
		41B9BE571E16467500CFA2BD /* User Name.png */ = {isa = PBXFileReference; lastKnownFileType = image.png; path = "User Name.png"; sourceTree = "<group>"; };
		41B9BE591E1646DA00CFA2BD /* Email address.png */ = {isa = PBXFileReference; lastKnownFileType = image.png; path = "Email address.png"; sourceTree = "<group>"; };
		41B9BE5A1E1646DA00CFA2BD /* Pasword.png */ = {isa = PBXFileReference; lastKnownFileType = image.png; path = Pasword.png; sourceTree = "<group>"; };
		41B9BE5D1E16473300CFA2BD /* Term and Conditions 2.png */ = {isa = PBXFileReference; lastKnownFileType = image.png; path = "Term and Conditions 2.png"; sourceTree = "<group>"; };
		41B9BE5E1E16473300CFA2BD /* Term and Conditions.png */ = {isa = PBXFileReference; lastKnownFileType = image.png; path = "Term and Conditions.png"; sourceTree = "<group>"; };
		41D7D5651E08048600A15F90 /*   Sign Up.png */ = {isa = PBXFileReference; lastKnownFileType = image.png; path = "  Sign Up.png"; sourceTree = "<group>"; };
		41D7D5661E08048600A15F90 /*   Sign Up@2x.png */ = {isa = PBXFileReference; lastKnownFileType = image.png; path = "  Sign Up@2x.png"; sourceTree = "<group>"; };
		41D7D5671E08048600A15F90 /*   Sign Up@3x.png */ = {isa = PBXFileReference; lastKnownFileType = image.png; path = "  Sign Up@3x.png"; sourceTree = "<group>"; };
		41D7D5681E08048600A15F90 /*  Sign In.png */ = {isa = PBXFileReference; lastKnownFileType = image.png; path = " Sign In.png"; sourceTree = "<group>"; };
		41D7D5691E08048600A15F90 /*  Sign In@2x.png */ = {isa = PBXFileReference; lastKnownFileType = image.png; path = " Sign In@2x.png"; sourceTree = "<group>"; };
		41D7D56A1E08048600A15F90 /*  Sign In@3x.png */ = {isa = PBXFileReference; lastKnownFileType = image.png; path = " Sign In@3x.png"; sourceTree = "<group>"; };
		41D7D5751E080C6600A15F90 /* Log In Button@2x.png */ = {isa = PBXFileReference; lastKnownFileType = image.png; path = "Log In Button@2x.png"; sourceTree = "<group>"; };
		41D7D5761E080C6600A15F90 /* Log In Button@3x.png */ = {isa = PBXFileReference; lastKnownFileType = image.png; path = "Log In Button@3x.png"; sourceTree = "<group>"; };
		41D7D57B1E08119700A15F90 /* register.png */ = {isa = PBXFileReference; lastKnownFileType = image.png; path = register.png; sourceTree = "<group>"; };
		41D7D57F1E082CDD00A15F90 /* PlayerViewController.h */ = {isa = PBXFileReference; fileEncoding = 4; lastKnownFileType = sourcecode.c.h; path = PlayerViewController.h; sourceTree = "<group>"; };
		41D7D5801E082CDD00A15F90 /* PlayerViewController.m */ = {isa = PBXFileReference; fileEncoding = 4; lastKnownFileType = sourcecode.c.objc; path = PlayerViewController.m; sourceTree = "<group>"; };
		41DA46E21DF824A00023526A /* MFAViewController.h */ = {isa = PBXFileReference; fileEncoding = 4; lastKnownFileType = sourcecode.c.h; path = MFAViewController.h; sourceTree = "<group>"; };
		41DA46E31DF824A00023526A /* MFAViewController.m */ = {isa = PBXFileReference; fileEncoding = 4; lastKnownFileType = sourcecode.c.objc; path = MFAViewController.m; sourceTree = "<group>"; };
		41DA46E41DF824A00023526A /* MFAViewController.xib */ = {isa = PBXFileReference; fileEncoding = 4; lastKnownFileType = file.xib; path = MFAViewController.xib; sourceTree = "<group>"; };
		F7A5F806005B476057B3664D /* Pods-ShashkayFilms.release.xcconfig */ = {isa = PBXFileReference; includeInIndex = 1; lastKnownFileType = text.xcconfig; name = "Pods-ShashkayFilms.release.xcconfig"; path = "Pods/Target Support Files/Pods-ShashkayFilms/Pods-ShashkayFilms.release.xcconfig"; sourceTree = "<group>"; };
/* End PBXFileReference section */

/* Begin PBXFrameworksBuildPhase section */
		4170CB911DDC3D6000CCE0A4 /* Frameworks */ = {
			isa = PBXFrameworksBuildPhase;
			buildActionMask = 2147483647;
			files = (
				4170CBFB1DDC616C00CCE0A4 /* AWSMachineLearning.framework in Frameworks */,
				4170CBE71DDC616B00CCE0A4 /* AWSCloudWatch.framework in Frameworks */,
				4170CBED1DDC616B00CCE0A4 /* AWSCore.framework in Frameworks */,
				4170CBEF1DDC616B00CCE0A4 /* AWSDynamoDB.framework in Frameworks */,
				4170CBFD1DDC616C00CCE0A4 /* AWSMobileAnalytics.framework in Frameworks */,
				4170CBF91DDC616C00CCE0A4 /* AWSLambda.framework in Frameworks */,
				4170CBF51DDC616C00CCE0A4 /* AWSIoT.framework in Frameworks */,
				4170CBEB1DDC616B00CCE0A4 /* AWSCognitoIdentityProvider.framework in Frameworks */,
				4170CBF71DDC616C00CCE0A4 /* AWSKinesis.framework in Frameworks */,
				4170CBE51DDC616B00CCE0A4 /* AWSAutoScaling.framework in Frameworks */,
				4170CC071DDC616C00CCE0A4 /* AWSSQS.framework in Frameworks */,
				4170CBE31DDC616B00CCE0A4 /* AWSAPIGateway.framework in Frameworks */,
				4170CBF31DDC616C00CCE0A4 /* AWSElasticLoadBalancing.framework in Frameworks */,
				4170CBFF1DDC616C00CCE0A4 /* AWSS3.framework in Frameworks */,
				4170CC051DDC616C00CCE0A4 /* AWSSNS.framework in Frameworks */,
				4170CBE91DDC616B00CCE0A4 /* AWSCognito.framework in Frameworks */,
				4170CC011DDC616C00CCE0A4 /* AWSSES.framework in Frameworks */,
				4170CC031DDC616C00CCE0A4 /* AWSSimpleDB.framework in Frameworks */,
				4170CBF11DDC616C00CCE0A4 /* AWSEC2.framework in Frameworks */,
				74C9EC298D669D8B142329CE /* Pods_ShashkayFilms.framework in Frameworks */,
			);
			runOnlyForDeploymentPostprocessing = 0;
		};
		4170CBAD1DDC3D6000CCE0A4 /* Frameworks */ = {
			isa = PBXFrameworksBuildPhase;
			buildActionMask = 2147483647;
			files = (
			);
			runOnlyForDeploymentPostprocessing = 0;
		};
		4170CBB81DDC3D6000CCE0A4 /* Frameworks */ = {
			isa = PBXFrameworksBuildPhase;
			buildActionMask = 2147483647;
			files = (
			);
			runOnlyForDeploymentPostprocessing = 0;
		};
/* End PBXFrameworksBuildPhase section */

/* Begin PBXGroup section */
		10E62DBB1E8F109EB15040DD /* Pods */ = {
			isa = PBXGroup;
			children = (
				044EA2E139FAD984B457559A /* Pods-ShashkayFilms.debug.xcconfig */,
				F7A5F806005B476057B3664D /* Pods-ShashkayFilms.release.xcconfig */,
			);
			name = Pods;
			sourceTree = "<group>";
		};
		4170CB8B1DDC3D6000CCE0A4 = {
			isa = PBXGroup;
			children = (
				4170CB961DDC3D6000CCE0A4 /* ShashkayFilms */,
				4170CBB31DDC3D6000CCE0A4 /* ShashkayFilmsTests */,
				4170CBBE1DDC3D6000CCE0A4 /* ShashkayFilmsUITests */,
				4170CB951DDC3D6000CCE0A4 /* Products */,
				10E62DBB1E8F109EB15040DD /* Pods */,
				EDC8D7E25E0C097D1D8A5D3B /* Frameworks */,
			);
			sourceTree = "<group>";
		};
		4170CB951DDC3D6000CCE0A4 /* Products */ = {
			isa = PBXGroup;
			children = (
				4170CB941DDC3D6000CCE0A4 /* ShashkayFilms.app */,
				4170CBB01DDC3D6000CCE0A4 /* ShashkayFilmsTests.xctest */,
				4170CBBB1DDC3D6000CCE0A4 /* ShashkayFilmsUITests.xctest */,
			);
			name = Products;
			sourceTree = "<group>";
		};
		4170CB961DDC3D6000CCE0A4 /* ShashkayFilms */ = {
			isa = PBXGroup;
			children = (
				41D7D57F1E082CDD00A15F90 /* PlayerViewController.h */,
				41D7D5801E082CDD00A15F90 /* PlayerViewController.m */,
				4155A0EA1DF02C6300966A59 /* ConfirmSignUpViewController.h */,
				4155A0EB1DF02C6400966A59 /* ConfirmSignUpViewController.m */,
				414BA5521DEEF4A300DF3DD9 /* SignInViewController.h */,
				414BA5531DEEF4A300DF3DD9 /* SignInViewController.m */,
				414BA54F1DEEB53900DF3DD9 /* SignUpViewController.h */,
				414BA5501DEEB53900DF3DD9 /* SignUpViewController.m */,
				4170CB9A1DDC3D6000CCE0A4 /* AppDelegate.h */,
				4170CB9B1DDC3D6000CCE0A4 /* AppDelegate.m */,
				4170CB9D1DDC3D6000CCE0A4 /* ViewController.h */,
				4170CB9E1DDC3D6000CCE0A4 /* ViewController.m */,
				41DA46E21DF824A00023526A /* MFAViewController.h */,
				41DA46E31DF824A00023526A /* MFAViewController.m */,
				41DA46E41DF824A00023526A /* MFAViewController.xib */,
				4170CBA01DDC3D6000CCE0A4 /* Main.storyboard */,
				4170CBA61DDC3D6000CCE0A4 /* Assets.xcassets */,
				4170CBA81DDC3D6000CCE0A4 /* LaunchScreen.storyboard */,
				4170CBAB1DDC3D6000CCE0A4 /* Info.plist */,
				4170CBA31DDC3D6000CCE0A4 /* ShashkayFilms.xcdatamodeld */,
				4170CB971DDC3D6000CCE0A4 /* Supporting Files */,
			);
			path = ShashkayFilms;
			sourceTree = "<group>";
		};
		4170CB971DDC3D6000CCE0A4 /* Supporting Files */ = {
			isa = PBXGroup;
			children = (
				41D7D5641E08047700A15F90 /* ArtWork */,
				4170CBCD1DDC425800CCE0A4 /* PodFile */,
				4170CB981DDC3D6000CCE0A4 /* main.m */,
			);
			name = "Supporting Files";
			sourceTree = "<group>";
		};
		4170CBB31DDC3D6000CCE0A4 /* ShashkayFilmsTests */ = {
			isa = PBXGroup;
			children = (
				4170CBB41DDC3D6000CCE0A4 /* ShashkayFilmsTests.m */,
				4170CBB61DDC3D6000CCE0A4 /* Info.plist */,
			);
			path = ShashkayFilmsTests;
			sourceTree = "<group>";
		};
		4170CBBE1DDC3D6000CCE0A4 /* ShashkayFilmsUITests */ = {
			isa = PBXGroup;
			children = (
				4170CBBF1DDC3D6000CCE0A4 /* ShashkayFilmsUITests.m */,
				4170CBC11DDC3D6000CCE0A4 /* Info.plist */,
			);
			path = ShashkayFilmsUITests;
			sourceTree = "<group>";
		};
		41D7D5641E08047700A15F90 /* ArtWork */ = {
			isa = PBXGroup;
			children = (
				41B9BE571E16467500CFA2BD /* User Name.png */,
				41B9BE591E1646DA00CFA2BD /* Email address.png */,
				41B9BE5A1E1646DA00CFA2BD /* Pasword.png */,
				41D7D57B1E08119700A15F90 /* register.png */,
				41B9BE5D1E16473300CFA2BD /* Term and Conditions 2.png */,
				41B9BE5E1E16473300CFA2BD /* Term and Conditions.png */,
				41D7D5751E080C6600A15F90 /* Log In Button@2x.png */,
				41D7D5761E080C6600A15F90 /* Log In Button@3x.png */,
				41D7D5651E08048600A15F90 /*   Sign Up.png */,
				41D7D5661E08048600A15F90 /*   Sign Up@2x.png */,
				41D7D5671E08048600A15F90 /*   Sign Up@3x.png */,
				41D7D5681E08048600A15F90 /*  Sign In.png */,
				41D7D5691E08048600A15F90 /*  Sign In@2x.png */,
				41D7D56A1E08048600A15F90 /*  Sign In@3x.png */,
			);
			name = ArtWork;
			sourceTree = "<group>";
		};
		EDC8D7E25E0C097D1D8A5D3B /* Frameworks */ = {
			isa = PBXGroup;
			children = (
				4176D8271E0A71A400C7F938 /* JWPlayer-iOS-SDK.framework */,
				4170CBD01DDC616B00CCE0A4 /* AWSAPIGateway.framework */,
				4170CBD11DDC616B00CCE0A4 /* AWSAutoScaling.framework */,
				4170CBD21DDC616B00CCE0A4 /* AWSCloudWatch.framework */,
				4170CBD31DDC616B00CCE0A4 /* AWSCognito.framework */,
				4170CBD41DDC616B00CCE0A4 /* AWSCognitoIdentityProvider.framework */,
				4170CBD51DDC616B00CCE0A4 /* AWSCore.framework */,
				4170CBD61DDC616B00CCE0A4 /* AWSDynamoDB.framework */,
				4170CBD71DDC616B00CCE0A4 /* AWSEC2.framework */,
				4170CBD81DDC616B00CCE0A4 /* AWSElasticLoadBalancing.framework */,
				4170CBD91DDC616B00CCE0A4 /* AWSIoT.framework */,
				4170CBDA1DDC616B00CCE0A4 /* AWSKinesis.framework */,
				4170CBDB1DDC616B00CCE0A4 /* AWSLambda.framework */,
				4170CBDC1DDC616B00CCE0A4 /* AWSMachineLearning.framework */,
				4170CBDD1DDC616B00CCE0A4 /* AWSMobileAnalytics.framework */,
				4170CBDE1DDC616B00CCE0A4 /* AWSS3.framework */,
				4170CBDF1DDC616B00CCE0A4 /* AWSSES.framework */,
				4170CBE01DDC616B00CCE0A4 /* AWSSimpleDB.framework */,
				4170CBE11DDC616B00CCE0A4 /* AWSSNS.framework */,
				4170CBE21DDC616B00CCE0A4 /* AWSSQS.framework */,
				061A22C1F17D43FE234A88D3 /* Pods_ShashkayFilms.framework */,
			);
			name = Frameworks;
			sourceTree = "<group>";
		};
/* End PBXGroup section */

/* Begin PBXNativeTarget section */
		4170CB931DDC3D6000CCE0A4 /* ShashkayFilms */ = {
			isa = PBXNativeTarget;
			buildConfigurationList = 4170CBC41DDC3D6000CCE0A4 /* Build configuration list for PBXNativeTarget "ShashkayFilms" */;
			buildPhases = (
				8139A88078111B841FC5B6ED /* [CP] Check Pods Manifest.lock */,
				4170CB901DDC3D6000CCE0A4 /* Sources */,
				4170CB911DDC3D6000CCE0A4 /* Frameworks */,
				4170CB921DDC3D6000CCE0A4 /* Resources */,
				201D44D2A31C0458CF55469C /* [CP] Embed Pods Frameworks */,
				0BF8155CC255B37B0C49B9B4 /* [CP] Copy Pods Resources */,
				4170CBCF1DDC602C00CCE0A4 /* ShellScript */,
				4170CC091DDC616C00CCE0A4 /* Embed Frameworks */,
				4170CC0A1DDC61AA00CCE0A4 /* ShellScript */,
			);
			buildRules = (
			);
			dependencies = (
			);
			name = ShashkayFilms;
			productName = ShashkayFilms;
			productReference = 4170CB941DDC3D6000CCE0A4 /* ShashkayFilms.app */;
			productType = "com.apple.product-type.application";
		};
		4170CBAF1DDC3D6000CCE0A4 /* ShashkayFilmsTests */ = {
			isa = PBXNativeTarget;
			buildConfigurationList = 4170CBC71DDC3D6000CCE0A4 /* Build configuration list for PBXNativeTarget "ShashkayFilmsTests" */;
			buildPhases = (
				4170CBAC1DDC3D6000CCE0A4 /* Sources */,
				4170CBAD1DDC3D6000CCE0A4 /* Frameworks */,
				4170CBAE1DDC3D6000CCE0A4 /* Resources */,
			);
			buildRules = (
			);
			dependencies = (
				4170CBB21DDC3D6000CCE0A4 /* PBXTargetDependency */,
			);
			name = ShashkayFilmsTests;
			productName = ShashkayFilmsTests;
			productReference = 4170CBB01DDC3D6000CCE0A4 /* ShashkayFilmsTests.xctest */;
			productType = "com.apple.product-type.bundle.unit-test";
		};
		4170CBBA1DDC3D6000CCE0A4 /* ShashkayFilmsUITests */ = {
			isa = PBXNativeTarget;
			buildConfigurationList = 4170CBCA1DDC3D6000CCE0A4 /* Build configuration list for PBXNativeTarget "ShashkayFilmsUITests" */;
			buildPhases = (
				4170CBB71DDC3D6000CCE0A4 /* Sources */,
				4170CBB81DDC3D6000CCE0A4 /* Frameworks */,
				4170CBB91DDC3D6000CCE0A4 /* Resources */,
			);
			buildRules = (
			);
			dependencies = (
				4170CBBD1DDC3D6000CCE0A4 /* PBXTargetDependency */,
			);
			name = ShashkayFilmsUITests;
			productName = ShashkayFilmsUITests;
			productReference = 4170CBBB1DDC3D6000CCE0A4 /* ShashkayFilmsUITests.xctest */;
			productType = "com.apple.product-type.bundle.ui-testing";
		};
/* End PBXNativeTarget section */

/* Begin PBXProject section */
		4170CB8C1DDC3D6000CCE0A4 /* Project object */ = {
			isa = PBXProject;
			attributes = {
				LastUpgradeCheck = 0720;
				ORGANIZATIONNAME = VertexSoft;
				TargetAttributes = {
					4170CB931DDC3D6000CCE0A4 = {
						CreatedOnToolsVersion = 7.2;
						DevelopmentTeam = VM9TZ5P7XR;
					};
					4170CBAF1DDC3D6000CCE0A4 = {
						CreatedOnToolsVersion = 7.2;
						TestTargetID = 4170CB931DDC3D6000CCE0A4;
					};
					4170CBBA1DDC3D6000CCE0A4 = {
						CreatedOnToolsVersion = 7.2;
						TestTargetID = 4170CB931DDC3D6000CCE0A4;
					};
				};
			};
			buildConfigurationList = 4170CB8F1DDC3D6000CCE0A4 /* Build configuration list for PBXProject "ShashkayFilms" */;
			compatibilityVersion = "Xcode 3.2";
			developmentRegion = English;
			hasScannedForEncodings = 0;
			knownRegions = (
				en,
				Base,
			);
			mainGroup = 4170CB8B1DDC3D6000CCE0A4;
			productRefGroup = 4170CB951DDC3D6000CCE0A4 /* Products */;
			projectDirPath = "";
			projectRoot = "";
			targets = (
				4170CB931DDC3D6000CCE0A4 /* ShashkayFilms */,
				4170CBAF1DDC3D6000CCE0A4 /* ShashkayFilmsTests */,
				4170CBBA1DDC3D6000CCE0A4 /* ShashkayFilmsUITests */,
			);
		};
/* End PBXProject section */

/* Begin PBXResourcesBuildPhase section */
		4170CB921DDC3D6000CCE0A4 /* Resources */ = {
			isa = PBXResourcesBuildPhase;
			buildActionMask = 2147483647;
			files = (
				41B9BE581E16467500CFA2BD /* User Name.png in Resources */,
				41D7D56F1E08048600A15F90 /*  Sign In@2x.png in Resources */,
				41B9BE5B1E1646DA00CFA2BD /* Email address.png in Resources */,
				4170CBAA1DDC3D6000CCE0A4 /* LaunchScreen.storyboard in Resources */,
				4170CBA71DDC3D6000CCE0A4 /* Assets.xcassets in Resources */,
				41D7D57C1E08119700A15F90 /* register.png in Resources */,
				41D7D56C1E08048600A15F90 /*   Sign Up@2x.png in Resources */,
				41B9BE601E16473300CFA2BD /* Term and Conditions.png in Resources */,
				41D7D5771E080C6600A15F90 /* Log In Button@2x.png in Resources */,
				41D7D56B1E08048600A15F90 /*   Sign Up.png in Resources */,
				41B9BE5C1E1646DA00CFA2BD /* Pasword.png in Resources */,
				41D7D56D1E08048600A15F90 /*   Sign Up@3x.png in Resources */,
				41D7D56E1E08048600A15F90 /*  Sign In.png in Resources */,
				4170CBCE1DDC425800CCE0A4 /* PodFile in Resources */,
				41D7D5781E080C6600A15F90 /* Log In Button@3x.png in Resources */,
				41D7D5701E08048600A15F90 /*  Sign In@3x.png in Resources */,
				4170CBA21DDC3D6000CCE0A4 /* Main.storyboard in Resources */,
				41DA46E61DF824A00023526A /* MFAViewController.xib in Resources */,
				41B9BE5F1E16473300CFA2BD /* Term and Conditions 2.png in Resources */,
			);
			runOnlyForDeploymentPostprocessing = 0;
		};
		4170CBAE1DDC3D6000CCE0A4 /* Resources */ = {
			isa = PBXResourcesBuildPhase;
			buildActionMask = 2147483647;
			files = (
			);
			runOnlyForDeploymentPostprocessing = 0;
		};
		4170CBB91DDC3D6000CCE0A4 /* Resources */ = {
			isa = PBXResourcesBuildPhase;
			buildActionMask = 2147483647;
			files = (
			);
			runOnlyForDeploymentPostprocessing = 0;
		};
/* End PBXResourcesBuildPhase section */

/* Begin PBXShellScriptBuildPhase section */
		0BF8155CC255B37B0C49B9B4 /* [CP] Copy Pods Resources */ = {
			isa = PBXShellScriptBuildPhase;
			buildActionMask = 2147483647;
			files = (
			);
			inputPaths = (
			);
			name = "[CP] Copy Pods Resources";
			outputPaths = (
			);
			runOnlyForDeploymentPostprocessing = 0;
			shellPath = /bin/sh;
			shellScript = "\"${SRCROOT}/Pods/Target Support Files/Pods-ShashkayFilms/Pods-ShashkayFilms-resources.sh\"\n";
			showEnvVarsInLog = 0;
		};
		201D44D2A31C0458CF55469C /* [CP] Embed Pods Frameworks */ = {
			isa = PBXShellScriptBuildPhase;
			buildActionMask = 2147483647;
			files = (
			);
			inputPaths = (
			);
			name = "[CP] Embed Pods Frameworks";
			outputPaths = (
			);
			runOnlyForDeploymentPostprocessing = 0;
			shellPath = /bin/sh;
			shellScript = "\"${SRCROOT}/Pods/Target Support Files/Pods-ShashkayFilms/Pods-ShashkayFilms-frameworks.sh\"\n";
			showEnvVarsInLog = 0;
		};
		4170CBCF1DDC602C00CCE0A4 /* ShellScript */ = {
			isa = PBXShellScriptBuildPhase;
			buildActionMask = 8;
			files = (
			);
			inputPaths = (
			);
			outputPaths = (
			);
			runOnlyForDeploymentPostprocessing = 1;
			shellPath = /bin/sh;
			shellScript = "bash \"${BUILT_PRODUCTS_DIR}/${FRAMEWORKS_FOLDER_PATH}/AWSCore.framework/strip-frameworks.sh\"\n\nShow environment variables in build log: Checked\nRun script only when installing: Not checked\n\n";
		};
		4170CC0A1DDC61AA00CCE0A4 /* ShellScript */ = {
			isa = PBXShellScriptBuildPhase;
			buildActionMask = 8;
			files = (
			);
			inputPaths = (
			);
			outputPaths = (
			);
			runOnlyForDeploymentPostprocessing = 1;
			shellPath = /bin/sh;
			shellScript = "bash \"${BUILT_PRODUCTS_DIR}/${FRAMEWORKS_FOLDER_PATH}/AWSCore.framework/strip-frameworks.sh\"\n\nShow environment variables in build log: Checked\nRun script only when installing: Not checked";
		};
		8139A88078111B841FC5B6ED /* [CP] Check Pods Manifest.lock */ = {
			isa = PBXShellScriptBuildPhase;
			buildActionMask = 2147483647;
			files = (
			);
			inputPaths = (
			);
			name = "[CP] Check Pods Manifest.lock";
			outputPaths = (
			);
			runOnlyForDeploymentPostprocessing = 0;
			shellPath = /bin/sh;
			shellScript = "diff \"${PODS_ROOT}/../Podfile.lock\" \"${PODS_ROOT}/Manifest.lock\" > /dev/null\nif [ $? != 0 ] ; then\n    # print error to STDERR\n    echo \"error: The sandbox is not in sync with the Podfile.lock. Run 'pod install' or update your CocoaPods installation.\" >&2\n    exit 1\nfi\n";
			showEnvVarsInLog = 0;
		};
/* End PBXShellScriptBuildPhase section */

/* Begin PBXSourcesBuildPhase section */
		4170CB901DDC3D6000CCE0A4 /* Sources */ = {
			isa = PBXSourcesBuildPhase;
			buildActionMask = 2147483647;
			files = (
				4170CB9F1DDC3D6000CCE0A4 /* ViewController.m in Sources */,
				41DA46E51DF824A00023526A /* MFAViewController.m in Sources */,
				4155A0EC1DF02C6400966A59 /* ConfirmSignUpViewController.m in Sources */,
				414BA5511DEEB53900DF3DD9 /* SignUpViewController.m in Sources */,
				4170CBA51DDC3D6000CCE0A4 /* ShashkayFilms.xcdatamodeld in Sources */,
				4170CB9C1DDC3D6000CCE0A4 /* AppDelegate.m in Sources */,
				414BA5541DEEF4A300DF3DD9 /* SignInViewController.m in Sources */,
				4170CB991DDC3D6000CCE0A4 /* main.m in Sources */,
				41D7D5811E082CDD00A15F90 /* PlayerViewController.m in Sources */,
			);
			runOnlyForDeploymentPostprocessing = 0;
		};
		4170CBAC1DDC3D6000CCE0A4 /* Sources */ = {
			isa = PBXSourcesBuildPhase;
			buildActionMask = 2147483647;
			files = (
				4170CBB51DDC3D6000CCE0A4 /* ShashkayFilmsTests.m in Sources */,
			);
			runOnlyForDeploymentPostprocessing = 0;
		};
		4170CBB71DDC3D6000CCE0A4 /* Sources */ = {
			isa = PBXSourcesBuildPhase;
			buildActionMask = 2147483647;
			files = (
				4170CBC01DDC3D6000CCE0A4 /* ShashkayFilmsUITests.m in Sources */,
			);
			runOnlyForDeploymentPostprocessing = 0;
		};
/* End PBXSourcesBuildPhase section */

/* Begin PBXTargetDependency section */
		4170CBB21DDC3D6000CCE0A4 /* PBXTargetDependency */ = {
			isa = PBXTargetDependency;
			target = 4170CB931DDC3D6000CCE0A4 /* ShashkayFilms */;
			targetProxy = 4170CBB11DDC3D6000CCE0A4 /* PBXContainerItemProxy */;
		};
		4170CBBD1DDC3D6000CCE0A4 /* PBXTargetDependency */ = {
			isa = PBXTargetDependency;
			target = 4170CB931DDC3D6000CCE0A4 /* ShashkayFilms */;
			targetProxy = 4170CBBC1DDC3D6000CCE0A4 /* PBXContainerItemProxy */;
		};
/* End PBXTargetDependency section */

/* Begin PBXVariantGroup section */
		4170CBA01DDC3D6000CCE0A4 /* Main.storyboard */ = {
			isa = PBXVariantGroup;
			children = (
				4170CBA11DDC3D6000CCE0A4 /* Base */,
			);
			name = Main.storyboard;
			sourceTree = "<group>";
		};
		4170CBA81DDC3D6000CCE0A4 /* LaunchScreen.storyboard */ = {
			isa = PBXVariantGroup;
			children = (
				4170CBA91DDC3D6000CCE0A4 /* Base */,
			);
			name = LaunchScreen.storyboard;
			sourceTree = "<group>";
		};
/* End PBXVariantGroup section */

/* Begin XCBuildConfiguration section */
		4170CBC21DDC3D6000CCE0A4 /* Debug */ = {
			isa = XCBuildConfiguration;
			buildSettings = {
				ALWAYS_SEARCH_USER_PATHS = NO;
				CLANG_CXX_LANGUAGE_STANDARD = "gnu++0x";
				CLANG_CXX_LIBRARY = "libc++";
				CLANG_ENABLE_MODULES = YES;
				CLANG_ENABLE_OBJC_ARC = YES;
				CLANG_WARN_BOOL_CONVERSION = YES;
				CLANG_WARN_CONSTANT_CONVERSION = YES;
				CLANG_WARN_DIRECT_OBJC_ISA_USAGE = YES_ERROR;
				CLANG_WARN_EMPTY_BODY = YES;
				CLANG_WARN_ENUM_CONVERSION = YES;
				CLANG_WARN_INT_CONVERSION = YES;
				CLANG_WARN_OBJC_ROOT_CLASS = YES_ERROR;
				CLANG_WARN_UNREACHABLE_CODE = YES;
				CLANG_WARN__DUPLICATE_METHOD_MATCH = YES;
				"CODE_SIGN_IDENTITY[sdk=iphoneos*]" = "iPhone Developer";
				COPY_PHASE_STRIP = NO;
				DEBUG_INFORMATION_FORMAT = dwarf;
				ENABLE_STRICT_OBJC_MSGSEND = YES;
				ENABLE_TESTABILITY = YES;
				GCC_C_LANGUAGE_STANDARD = gnu99;
				GCC_DYNAMIC_NO_PIC = NO;
				GCC_NO_COMMON_BLOCKS = YES;
				GCC_OPTIMIZATION_LEVEL = 0;
				GCC_PREPROCESSOR_DEFINITIONS = (
					"DEBUG=1",
					"$(inherited)",
				);
				GCC_WARN_64_TO_32_BIT_CONVERSION = YES;
				GCC_WARN_ABOUT_RETURN_TYPE = YES_ERROR;
				GCC_WARN_UNDECLARED_SELECTOR = YES;
				GCC_WARN_UNINITIALIZED_AUTOS = YES_AGGRESSIVE;
				GCC_WARN_UNUSED_FUNCTION = YES;
				GCC_WARN_UNUSED_VARIABLE = YES;
				IPHONEOS_DEPLOYMENT_TARGET = 9.2;
				MTL_ENABLE_DEBUG_INFO = YES;
				ONLY_ACTIVE_ARCH = YES;
				SDKROOT = iphoneos;
				TARGETED_DEVICE_FAMILY = "1,2";
			};
			name = Debug;
		};
		4170CBC31DDC3D6000CCE0A4 /* Release */ = {
			isa = XCBuildConfiguration;
			buildSettings = {
				ALWAYS_SEARCH_USER_PATHS = NO;
				CLANG_CXX_LANGUAGE_STANDARD = "gnu++0x";
				CLANG_CXX_LIBRARY = "libc++";
				CLANG_ENABLE_MODULES = YES;
				CLANG_ENABLE_OBJC_ARC = YES;
				CLANG_WARN_BOOL_CONVERSION = YES;
				CLANG_WARN_CONSTANT_CONVERSION = YES;
				CLANG_WARN_DIRECT_OBJC_ISA_USAGE = YES_ERROR;
				CLANG_WARN_EMPTY_BODY = YES;
				CLANG_WARN_ENUM_CONVERSION = YES;
				CLANG_WARN_INT_CONVERSION = YES;
				CLANG_WARN_OBJC_ROOT_CLASS = YES_ERROR;
				CLANG_WARN_UNREACHABLE_CODE = YES;
				CLANG_WARN__DUPLICATE_METHOD_MATCH = YES;
				"CODE_SIGN_IDENTITY[sdk=iphoneos*]" = "iPhone Developer";
				COPY_PHASE_STRIP = NO;
				DEBUG_INFORMATION_FORMAT = "dwarf-with-dsym";
				ENABLE_NS_ASSERTIONS = NO;
				ENABLE_STRICT_OBJC_MSGSEND = YES;
				GCC_C_LANGUAGE_STANDARD = gnu99;
				GCC_NO_COMMON_BLOCKS = YES;
				GCC_WARN_64_TO_32_BIT_CONVERSION = YES;
				GCC_WARN_ABOUT_RETURN_TYPE = YES_ERROR;
				GCC_WARN_UNDECLARED_SELECTOR = YES;
				GCC_WARN_UNINITIALIZED_AUTOS = YES_AGGRESSIVE;
				GCC_WARN_UNUSED_FUNCTION = YES;
				GCC_WARN_UNUSED_VARIABLE = YES;
				IPHONEOS_DEPLOYMENT_TARGET = 9.2;
				MTL_ENABLE_DEBUG_INFO = NO;
				SDKROOT = iphoneos;
				TARGETED_DEVICE_FAMILY = "1,2";
				VALIDATE_PRODUCT = YES;
			};
			name = Release;
		};
		4170CBC51DDC3D6000CCE0A4 /* Debug */ = {
			isa = XCBuildConfiguration;
			baseConfigurationReference = 044EA2E139FAD984B457559A /* Pods-ShashkayFilms.debug.xcconfig */;
			buildSettings = {
				ASSETCATALOG_COMPILER_APPICON_NAME = AppIcon;
				CODE_SIGN_IDENTITY = "iPhone Developer";
				DEVELOPMENT_TEAM = VM9TZ5P7XR;
				FRAMEWORK_SEARCH_PATHS = (
					"$(inherited)",
					"$(PROJECT_DIR)",
				);
				INFOPLIST_FILE = ShashkayFilms/Info.plist;
				IPHONEOS_DEPLOYMENT_TARGET = 9.2;
				LD_RUNPATH_SEARCH_PATHS = "$(inherited) @executable_path/Frameworks";
				PRODUCT_BUNDLE_IDENTIFIER = com.vertex.ShashkayFilms;
				PRODUCT_NAME = "$(TARGET_NAME)";
			};
			name = Debug;
		};
		4170CBC61DDC3D6000CCE0A4 /* Release */ = {
			isa = XCBuildConfiguration;
			baseConfigurationReference = F7A5F806005B476057B3664D /* Pods-ShashkayFilms.release.xcconfig */;
			buildSettings = {
				ASSETCATALOG_COMPILER_APPICON_NAME = AppIcon;
				CODE_SIGN_IDENTITY = "iPhone Developer";
				DEVELOPMENT_TEAM = VM9TZ5P7XR;
				FRAMEWORK_SEARCH_PATHS = (
					"$(inherited)",
					"$(PROJECT_DIR)",
				);
				INFOPLIST_FILE = ShashkayFilms/Info.plist;
				IPHONEOS_DEPLOYMENT_TARGET = 9.2;
				LD_RUNPATH_SEARCH_PATHS = "$(inherited) @executable_path/Frameworks";
				PRODUCT_BUNDLE_IDENTIFIER = com.vertex.ShashkayFilms;
				PRODUCT_NAME = "$(TARGET_NAME)";
			};
			name = Release;
		};
		4170CBC81DDC3D6000CCE0A4 /* Debug */ = {
			isa = XCBuildConfiguration;
			buildSettings = {
				BUNDLE_LOADER = "$(TEST_HOST)";
				INFOPLIST_FILE = ShashkayFilmsTests/Info.plist;
				LD_RUNPATH_SEARCH_PATHS = "$(inherited) @executable_path/Frameworks @loader_path/Frameworks";
				PRODUCT_BUNDLE_IDENTIFIER = com.vertex.ShashkayFilmsTests;
				PRODUCT_NAME = "$(TARGET_NAME)";
				TEST_HOST = "$(BUILT_PRODUCTS_DIR)/ShashkayFilms.app/ShashkayFilms";
			};
			name = Debug;
		};
		4170CBC91DDC3D6000CCE0A4 /* Release */ = {
			isa = XCBuildConfiguration;
			buildSettings = {
				BUNDLE_LOADER = "$(TEST_HOST)";
				INFOPLIST_FILE = ShashkayFilmsTests/Info.plist;
				LD_RUNPATH_SEARCH_PATHS = "$(inherited) @executable_path/Frameworks @loader_path/Frameworks";
				PRODUCT_BUNDLE_IDENTIFIER = com.vertex.ShashkayFilmsTests;
				PRODUCT_NAME = "$(TARGET_NAME)";
				TEST_HOST = "$(BUILT_PRODUCTS_DIR)/ShashkayFilms.app/ShashkayFilms";
			};
			name = Release;
		};
		4170CBCB1DDC3D6000CCE0A4 /* Debug */ = {
			isa = XCBuildConfiguration;
			buildSettings = {
				INFOPLIST_FILE = ShashkayFilmsUITests/Info.plist;
				LD_RUNPATH_SEARCH_PATHS = "$(inherited) @executable_path/Frameworks @loader_path/Frameworks";
				PRODUCT_BUNDLE_IDENTIFIER = com.vertex.ShashkayFilmsUITests;
				PRODUCT_NAME = "$(TARGET_NAME)";
				TEST_TARGET_NAME = ShashkayFilms;
				USES_XCTRUNNER = YES;
			};
			name = Debug;
		};
		4170CBCC1DDC3D6000CCE0A4 /* Release */ = {
			isa = XCBuildConfiguration;
			buildSettings = {
				INFOPLIST_FILE = ShashkayFilmsUITests/Info.plist;
				LD_RUNPATH_SEARCH_PATHS = "$(inherited) @executable_path/Frameworks @loader_path/Frameworks";
				PRODUCT_BUNDLE_IDENTIFIER = com.vertex.ShashkayFilmsUITests;
				PRODUCT_NAME = "$(TARGET_NAME)";
				TEST_TARGET_NAME = ShashkayFilms;
				USES_XCTRUNNER = YES;
			};
			name = Release;
		};
/* End XCBuildConfiguration section */

/* Begin XCConfigurationList section */
		4170CB8F1DDC3D6000CCE0A4 /* Build configuration list for PBXProject "ShashkayFilms" */ = {
			isa = XCConfigurationList;
			buildConfigurations = (
				4170CBC21DDC3D6000CCE0A4 /* Debug */,
				4170CBC31DDC3D6000CCE0A4 /* Release */,
			);
			defaultConfigurationIsVisible = 0;
			defaultConfigurationName = Release;
		};
		4170CBC41DDC3D6000CCE0A4 /* Build configuration list for PBXNativeTarget "ShashkayFilms" */ = {
			isa = XCConfigurationList;
			buildConfigurations = (
				4170CBC51DDC3D6000CCE0A4 /* Debug */,
				4170CBC61DDC3D6000CCE0A4 /* Release */,
			);
			defaultConfigurationIsVisible = 0;
			defaultConfigurationName = Release;
		};
		4170CBC71DDC3D6000CCE0A4 /* Build configuration list for PBXNativeTarget "ShashkayFilmsTests" */ = {
			isa = XCConfigurationList;
			buildConfigurations = (
				4170CBC81DDC3D6000CCE0A4 /* Debug */,
				4170CBC91DDC3D6000CCE0A4 /* Release */,
			);
			defaultConfigurationIsVisible = 0;
			defaultConfigurationName = Release;
		};
		4170CBCA1DDC3D6000CCE0A4 /* Build configuration list for PBXNativeTarget "ShashkayFilmsUITests" */ = {
			isa = XCConfigurationList;
			buildConfigurations = (
				4170CBCB1DDC3D6000CCE0A4 /* Debug */,
				4170CBCC1DDC3D6000CCE0A4 /* Release */,
			);
			defaultConfigurationIsVisible = 0;
			defaultConfigurationName = Release;
		};
/* End XCConfigurationList section */

/* Begin XCVersionGroup section */
		4170CBA31DDC3D6000CCE0A4 /* ShashkayFilms.xcdatamodeld */ = {
			isa = XCVersionGroup;
			children = (
				4170CBA41DDC3D6000CCE0A4 /* ShashkayFilms.xcdatamodel */,
			);
			currentVersion = 4170CBA41DDC3D6000CCE0A4 /* ShashkayFilms.xcdatamodel */;
			path = ShashkayFilms.xcdatamodeld;
			sourceTree = "<group>";
			versionGroupType = wrapper.xcdatamodel;
		};
/* End XCVersionGroup section */
	};
	rootObject = 4170CB8C1DDC3D6000CCE0A4 /* Project object */;
}
