PODS:
  - AWSAutoScaling (2.4.11):
    - AWSCore (= 2.4.11)
  - AWSCloudWatch (2.4.11):
    - AWSCore (= 2.4.11)
  - AWSCognito (2.4.11):
    - AWSCore (= 2.4.11)
  - AWSCognitoIdentityProvider (2.4.11):
    - AWSCore (= 2.4.11)
  - AWSCore (2.4.11)
  - AWSDynamoDB (2.4.11):
    - AWSCore (= 2.4.11)
  - AWSEC2 (2.4.11):
    - AWSCore (= 2.4.11)
  - AWSElasticLoadBalancing (2.4.11):
    - AWSCore (= 2.4.11)
  - AWSIoT (2.4.11):
    - AWSCore (= 2.4.11)
  - AWSKinesis (2.4.11):
    - AWSCore (= 2.4.11)
  - AWSLambda (2.4.11):
    - AWSCore (= 2.4.11)
  - AWSMachineLearning (2.4.11):
    - AWSCore (= 2.4.11)
  - AWSMobileAnalytics (2.4.11):
    - AWSCore (= 2.4.11)
  - AWSS3 (2.4.11):
    - AWSCore (= 2.4.11)
  - AWSSES (2.4.11):
    - AWSCore (= 2.4.11)
  - AWSSimpleDB (2.4.11):
    - AWSCore (= 2.4.11)
  - AWSSNS (2.4.11):
    - AWSCore (= 2.4.11)
  - AWSSQS (2.4.11):
    - AWSCore (= 2.4.11)

DEPENDENCIES:
  - AWSAutoScaling
  - AWSCloudWatch
  - AWSCognito
  - AWSCognitoIdentityProvider
  - AWSDynamoDB
  - AWSEC2
  - AWSElasticLoadBalancing
  - AWSIoT
  - AWSKinesis
  - AWSLambda
  - AWSMachineLearning
  - AWSMobileAnalytics
  - AWSS3
  - AWSSES
  - AWSSimpleDB
  - AWSSNS
  - AWSSQS

SPEC CHECKSUMS:
  AWSAutoScaling: 2c7a041a654c72b39951d3671bde3ddf9157715d
  AWSCloudWatch: bbd93b490a16a297ab3fe31f8f5cd8e20e19d79a
  AWSCognito: e086ad6f499e309dbf0030170cffc65a0bfd27c6
  AWSCognitoIdentityProvider: e8b124892dba5bbe32f93194220ad4b17bb50677
  AWSCore: e66b0f50d68f9897cc9e68471062f0cb5379eec5
  AWSDynamoDB: 1d54c63fe63c2afcd0caea5ce709d1a0b213213f
  AWSEC2: 24806eacad9aa11cdc16dcb653bccedd7a7b9030
  AWSElasticLoadBalancing: 4df4ced0d718d821311a959c385371ce7b729f07
  AWSIoT: e303069b64ca157635108c6e169c93cc0847e7e5
  AWSKinesis: 6cb057bf82d0c50f0de3f17880461a6b7faddffc
  AWSLambda: a724cdda7d76c8c9d6e8447134c221b22531d2bc
  AWSMachineLearning: 6514667eb1bb21bce4344122f776620137c3a908
  AWSMobileAnalytics: b57240111c0c93b2172bd61db20842755a6b1c7e
  AWSS3: 2f90735901744687eaeb91621fa62ee921db6510
  AWSSES: 9e0c08215c6dea9aabc84c5cb41c630518632889
  AWSSimpleDB: b80bf22d6c98d3455b09abc9c742fa11e1268971
  AWSSNS: 6844814ce167da813e213a4d3f8f0e6c45ae3bed
  AWSSQS: c2ba8ed579233f50b9bdf71717a9bee8878dfc82

PODFILE CHECKSUM: 6e31189fcd52af67d1bf4c1596c152f5b3ae2958

COCOAPODS: 1.1.1
